
Microsoft Visual Studio Solution File, Format Version 11.00
# Visual Studio 2010
Project("{FAE04EC0-301F-11D3-BF4B-00C04F79EFBC}") = "Assembly-CSharp", "Assembly-CSharp.csproj", "{22EFD4A8-EC09-4FA3-9878-C469D739C496}"
EndProject
Global
	GlobalSection(SolutionConfigurationPlatforms) = preSolution
		Debug|Any CPU = Debug|Any CPU
		Release|Any CPU = Release|Any CPU
	EndGlobalSection
	GlobalSection(ProjectConfigurationPlatforms) = postSolution
		{22EFD4A8-EC09-4FA3-9878-C469D739C496}.Debug|Any CPU.ActiveCfg = Debug|Any CPU
		{22EFD4A8-EC09-4FA3-9878-C469D739C496}.Debug|Any CPU.Build.0 = Debug|Any CPU
		{22EFD4A8-EC09-4FA3-9878-C469D739C496}.Release|Any CPU.ActiveCfg = Release|Any CPU
		{22EFD4A8-EC09-4FA3-9878-C469D739C496}.Release|Any CPU.Build.0 = Release|Any CPU
	EndGlobalSection
	GlobalSection(SolutionProperties) = preSolution
		HideSolutionNode = FALSE
	EndGlobalSection
	GlobalSection(MonoDevelopProperties) = preSolution
		StartupItem = Assembly-CSharp.csproj
	EndGlobalSection
EndGlobal
